
Microsoft Visual Studio Solution File, Format Version 12.00
# Visual Studio Version 17
VisualStudioVersion = 17.9.34723.18
MinimumVisualStudioVersion = 10.0.40219.1
Project("{9A19103F-16F7-4668-BE54-9A1E7A4F7556}") = "Novera", "Novera\Novera.csproj", "{D3205498-16C4-4646-9288-1C21957A7DB9}"
EndProject
Project("{2150E333-8FDC-42A3-9474-1A3956D46DE8}") = "Solution Items", "Solution Items", "{1D2D8045-8427-4C17-A3E0-B3BA2BB7CEA2}"
	ProjectSection(SolutionItems) = preProject
		.editorconfig = .editorconfig
	EndProjectSection
EndProject
Global
	GlobalSection(SolutionConfigurationPlatforms) = preSolution
		Debug|Any CPU = Debug|Any CPU
		Release|Any CPU = Release|Any CPU
	EndGlobalSection
	GlobalSection(ProjectConfigurationPlatforms) = postSolution
		{D3205498-16C4-4646-9288-1C21957A7DB9}.Debug|Any CPU.ActiveCfg = Debug|Any CPU
		{D3205498-16C4-4646-9288-1C21957A7DB9}.Debug|Any CPU.Build.0 = Debug|Any CPU
		{D3205498-16C4-4646-9288-1C21957A7DB9}.Debug|Any CPU.Deploy.0 = Debug|Any CPU
		{D3205498-16C4-4646-9288-1C21957A7DB9}.Release|Any CPU.ActiveCfg = Release|Any CPU
		{D3205498-16C4-4646-9288-1C21957A7DB9}.Release|Any CPU.Build.0 = Release|Any CPU
		{D3205498-16C4-4646-9288-1C21957A7DB9}.Release|Any CPU.Deploy.0 = Release|Any CPU
	EndGlobalSection
	GlobalSection(SolutionProperties) = preSolution
		HideSolutionNode = FALSE
	EndGlobalSection
	GlobalSection(ExtensibilityGlobals) = postSolution
		SolutionGuid = {46B4AB36-81D4-4ED7-8C2D-63730EDFF37C}
	EndGlobalSection
EndGlobal
